# THIS IS AN AUTOGENERATED FILE. DO NOT EDIT THIS FILE DIRECTLY.
# yarn lockfile v1


"@odopod/odo-device@^1.0.0":
  version "1.0.0"
  resolved "https://registry.yarnpkg.com/@odopod/odo-device/-/odo-device-1.0.0.tgz#0f555f8c8ade65c7e4f7e7ebe6e9d249d85d73a7"

"@odopod/odo-helpers@^1.0.0":
  version "1.0.0"
  resolved "https://registry.yarnpkg.com/@odopod/odo-helpers/-/odo-helpers-1.0.0.tgz#113905133aff5ddbc9f82ad5243cb78ed67ae7a4"
  dependencies:
    "@odopod/odo-device" "^1.0.0"

"@odopod/odo-pointer@^1.0.0":
  version "1.0.0"
  resolved "https://registry.yarnpkg.com/@odopod/odo-pointer/-/odo-pointer-1.0.0.tgz#7ebddfe9754965a49aa3407489027d25fb90888f"
  dependencies:
    "@odopod/odo-device" "^1.0.0"
    "@odopod/odo-helpers" "^1.0.0"
    tiny-emitter "^2.0.1"

tiny-emitter@^2.0.1:
  version "2.0.1"
  resolved "https://registry.yarnpkg.com/tiny-emitter/-/tiny-emitter-2.0.1.tgz#e65919d91e488e2a78f7ebe827a56c6b188d51af"
