# THIS IS AN AUTOGENERATED FILE. DO NOT EDIT THIS FILE DIRECTLY.
# yarn lockfile v1


"@odopod/odo-object-fit@^1.1.1":
  version "1.1.1"
  resolved "https://registry.yarnpkg.com/@odopod/odo-object-fit/-/odo-object-fit-1.1.1.tgz#b5456a39ca45105f1e6f989ba60ed592b0004f44"

"@odopod/odo-responsive-images@^1.2.0":
  version "1.2.0"
  resolved "https://registry.yarnpkg.com/@odopod/odo-responsive-images/-/odo-responsive-images-1.2.0.tgz#5c01e75c607bd57f9a4dbfdb411db2b3eb574ee3"
  dependencies:
    "@odopod/odo-viewport" "^1.1.1"
    debounce "^1.0.0"
    picturefill "^3.0.2"

"@odopod/odo-video@^1.2.2":
  version "1.2.2"
  resolved "https://registry.yarnpkg.com/@odopod/odo-video/-/odo-video-1.2.2.tgz#7ad94d3600f94d652c7d462b35d42c600bc64d9d"
  dependencies:
    screenfull "^3.0.2"

"@odopod/odo-viewport@^1.1.1":
  version "1.1.1"
  resolved "https://registry.yarnpkg.com/@odopod/odo-viewport/-/odo-viewport-1.1.1.tgz#480956575e5b0bae9ac09684831e803cc4a6c357"
  dependencies:
    "@odopod/odo-window-events" "^1.2.0"

"@odopod/odo-window-events@^1.2.0":
  version "1.2.0"
  resolved "https://registry.yarnpkg.com/@odopod/odo-window-events/-/odo-window-events-1.2.0.tgz#59564a946b515327cb109630463e5ea7e1b18ce6"
  dependencies:
    debounce "^1.0.0"
    throttleit "^1.0.0"

debounce@^1.0.0:
  version "1.1.0"
  resolved "https://registry.yarnpkg.com/debounce/-/debounce-1.1.0.tgz#6a1a4ee2a9dc4b7c24bb012558dbcdb05b37f408"

picturefill@^3.0.2:
  version "3.0.2"
  resolved "https://registry.yarnpkg.com/picturefill/-/picturefill-3.0.2.tgz#fa3d35fffbef5ab5300fe2ad9dca8f2e36cba27b"

screenfull@^3.0.2:
  version "3.3.2"
  resolved "https://registry.yarnpkg.com/screenfull/-/screenfull-3.3.2.tgz#a6adf3b3f5556da812725385880600f5b39fbf25"

throttleit@^1.0.0:
  version "1.0.0"
  resolved "https://registry.yarnpkg.com/throttleit/-/throttleit-1.0.0.tgz#9e785836daf46743145a5984b6268d828528ac6c"
