# THIS IS AN AUTOGENERATED FILE. DO NOT EDIT THIS FILE DIRECTLY.
# yarn lockfile v1


"@odopod/odo-object-fit@^1.0.0":
  version "1.0.0"
  resolved "https://registry.yarnpkg.com/@odopod/odo-object-fit/-/odo-object-fit-1.0.0.tgz#f1d9b35825ef1039fb0f1dc92cfaf6f362f546b9"

"@odopod/odo-responsive-images@^1.0.0":
  version "1.0.0"
  resolved "https://registry.yarnpkg.com/@odopod/odo-responsive-images/-/odo-responsive-images-1.0.0.tgz#6d57a17b0eb22706b5dd2e68dc4891a363604472"
  dependencies:
    "@odopod/odo-viewport" "^1.0.0"
    debounce "^1.0.0"
    picturefill "^3.0.2"

"@odopod/odo-video@^1.0.0":
  version "1.0.0"
  resolved "https://registry.yarnpkg.com/@odopod/odo-video/-/odo-video-1.0.0.tgz#009fa9a5c9a6086c354d98bfd660fb0b69ed968f"
  dependencies:
    screenfull "^3.0.2"

"@odopod/odo-viewport@^1.0.0":
  version "1.0.0"
  resolved "https://registry.yarnpkg.com/@odopod/odo-viewport/-/odo-viewport-1.0.0.tgz#0565342bfce8877a89298f735adb099badd96d6a"
  dependencies:
    "@odopod/odo-window-events" "^1.0.0"

"@odopod/odo-window-events@^1.0.0":
  version "1.0.0"
  resolved "https://registry.yarnpkg.com/@odopod/odo-window-events/-/odo-window-events-1.0.0.tgz#14e61abc375981a21c9f3955b5820ea848ed155a"
  dependencies:
    debounce "^1.0.0"
    throttleit "^1.0.0"

debounce@^1.0.0:
  version "1.0.2"
  resolved "https://registry.yarnpkg.com/debounce/-/debounce-1.0.2.tgz#503cc674d8d7f737099664fb75ddbd36b9626dc6"

picturefill@^3.0.2:
  version "3.0.2"
  resolved "https://registry.yarnpkg.com/picturefill/-/picturefill-3.0.2.tgz#fa3d35fffbef5ab5300fe2ad9dca8f2e36cba27b"

screenfull@^3.0.2:
  version "3.3.1"
  resolved "https://registry.yarnpkg.com/screenfull/-/screenfull-3.3.1.tgz#5eea886b412043af89e2e5cc4433f894d0ebb90b"

throttleit@^1.0.0:
  version "1.0.0"
  resolved "https://registry.yarnpkg.com/throttleit/-/throttleit-1.0.0.tgz#9e785836daf46743145a5984b6268d828528ac6c"
