# THIS IS AN AUTOGENERATED FILE. DO NOT EDIT THIS FILE DIRECTLY.
# yarn lockfile v1


"@odopod/odo-scroll-animation@^1.0.2":
  version "1.0.2"
  resolved "https://registry.yarnpkg.com/@odopod/odo-scroll-animation/-/odo-scroll-animation-1.0.2.tgz#b742c7e7fa1b088954bc1fa02c9b1324606a1e26"

"@odopod/odo-window-events@^1.0.3":
  version "1.0.3"
  resolved "https://registry.yarnpkg.com/@odopod/odo-window-events/-/odo-window-events-1.0.3.tgz#a0237cbcc88b8e0acdffda3282e4bdf53e9ba06c"
  dependencies:
    debounce "^1.0.0"
    throttleit "^1.0.0"

debounce@^1.0.0:
  version "1.1.0"
  resolved "https://registry.yarnpkg.com/debounce/-/debounce-1.1.0.tgz#6a1a4ee2a9dc4b7c24bb012558dbcdb05b37f408"

throttleit@^1.0.0:
  version "1.0.0"
  resolved "https://registry.yarnpkg.com/throttleit/-/throttleit-1.0.0.tgz#9e785836daf46743145a5984b6268d828528ac6c"
