# THIS IS AN AUTOGENERATED FILE. DO NOT EDIT THIS FILE DIRECTLY.
# yarn lockfile v1


"@odopod/odo-device@^1.1.0":
  version "1.1.0"
  resolved "https://registry.yarnpkg.com/@odopod/odo-device/-/odo-device-1.1.0.tgz#26fcae95cfbed1242e3ce89f3f10d908d467726e"

"@odopod/odo-helpers@^2.0.0":
  version "2.0.0"
  resolved "https://registry.yarnpkg.com/@odopod/odo-helpers/-/odo-helpers-2.0.0.tgz#e8157d4d1b1cd26b804769445422840a8286b9a0"
  dependencies:
    "@odopod/odo-device" "^1.1.0"

"@odopod/odo-pointer@^1.1.0":
  version "1.1.0"
  resolved "https://registry.yarnpkg.com/@odopod/odo-pointer/-/odo-pointer-1.1.0.tgz#7448a15899b485d5a8e34f04bd4fee891741c9bf"
  dependencies:
    "@odopod/odo-device" "^1.1.0"
    "@odopod/odo-helpers" "^2.0.0"
    tiny-emitter "^2.0.1"

tiny-emitter@^2.0.1:
  version "2.0.2"
  resolved "https://registry.yarnpkg.com/tiny-emitter/-/tiny-emitter-2.0.2.tgz#82d27468aca5ade8e5fd1e6d22b57dd43ebdfb7c"
