# THIS IS AN AUTOGENERATED FILE. DO NOT EDIT THIS FILE DIRECTLY.
# yarn lockfile v1


"@odopod/odo-base-component@^1.2.1":
  version "1.2.1"
  resolved "https://registry.yarnpkg.com/@odopod/odo-base-component/-/odo-base-component-1.2.1.tgz#512fffeeefa407741d845444e691d530e64b3b4d"
  dependencies:
    debounce "^1.0.0"
    tiny-emitter "^2.0.1"

"@odopod/odo-responsive-attributes@^1.1.1":
  version "1.1.1"
  resolved "https://registry.yarnpkg.com/@odopod/odo-responsive-attributes/-/odo-responsive-attributes-1.1.1.tgz#ae022c74d72ef6e7223b332af56f9d2d7ce6d802"
  dependencies:
    "@odopod/odo-base-component" "^1.2.1"

debounce@^1.0.0:
  version "1.1.0"
  resolved "https://registry.yarnpkg.com/debounce/-/debounce-1.1.0.tgz#6a1a4ee2a9dc4b7c24bb012558dbcdb05b37f408"

tiny-emitter@^2.0.1:
  version "2.0.2"
  resolved "https://registry.yarnpkg.com/tiny-emitter/-/tiny-emitter-2.0.2.tgz#82d27468aca5ade8e5fd1e6d22b57dd43ebdfb7c"
