# THIS IS AN AUTOGENERATED FILE. DO NOT EDIT THIS FILE DIRECTLY.
# yarn lockfile v1


"@odopod/odo-base-component@^1.1.4":
  version "1.1.4"
  resolved "https://registry.yarnpkg.com/@odopod/odo-base-component/-/odo-base-component-1.1.4.tgz#ccafeeb71d51edf5019b53246fc1ad52ca4d6d00"
  dependencies:
    debounce "^1.0.0"
    tiny-emitter "^2.0.1"

"@odopod/odo-responsive-attributes@^1.0.3":
  version "1.0.3"
  resolved "https://registry.yarnpkg.com/@odopod/odo-responsive-attributes/-/odo-responsive-attributes-1.0.3.tgz#165aec3bbca96558d782e6f453b20c840b825deb"
  dependencies:
    "@odopod/odo-base-component" "^1.1.4"

debounce@^1.0.0:
  version "1.1.0"
  resolved "https://registry.yarnpkg.com/debounce/-/debounce-1.1.0.tgz#6a1a4ee2a9dc4b7c24bb012558dbcdb05b37f408"

tiny-emitter@^2.0.1:
  version "2.0.2"
  resolved "https://registry.yarnpkg.com/tiny-emitter/-/tiny-emitter-2.0.2.tgz#82d27468aca5ade8e5fd1e6d22b57dd43ebdfb7c"
