# THIS IS AN AUTOGENERATED FILE. DO NOT EDIT THIS FILE DIRECTLY.
# yarn lockfile v1


"@odopod/odo-scroll-animation@^1.1.0":
  version "1.1.0"
  resolved "https://registry.yarnpkg.com/@odopod/odo-scroll-animation/-/odo-scroll-animation-1.1.0.tgz#92402b9f6a576d10a1ef9630f057a36e2e50b52e"

"@odopod/odo-window-events@^1.1.0":
  version "1.1.0"
  resolved "https://registry.yarnpkg.com/@odopod/odo-window-events/-/odo-window-events-1.1.0.tgz#40308604c94648105b4b7f463896d8f252150bbe"
  dependencies:
    debounce "^1.0.0"
    throttleit "^1.0.0"

debounce@^1.0.0:
  version "1.1.0"
  resolved "https://registry.yarnpkg.com/debounce/-/debounce-1.1.0.tgz#6a1a4ee2a9dc4b7c24bb012558dbcdb05b37f408"

throttleit@^1.0.0:
  version "1.0.0"
  resolved "https://registry.yarnpkg.com/throttleit/-/throttleit-1.0.0.tgz#9e785836daf46743145a5984b6268d828528ac6c"
