# THIS IS AN AUTOGENERATED FILE. DO NOT EDIT THIS FILE DIRECTLY.
# yarn lockfile v1


"@odopod/odo-device@^1.0.3":
  version "1.0.3"
  resolved "https://registry.yarnpkg.com/@odopod/odo-device/-/odo-device-1.0.3.tgz#cb2b86dfa61df3a37211e91da21702ec0feafaf1"

"@odopod/odo-helpers@^1.0.3":
  version "1.0.3"
  resolved "https://registry.yarnpkg.com/@odopod/odo-helpers/-/odo-helpers-1.0.3.tgz#5d410e36c740bf4bf1877195f72d785997ca9980"
  dependencies:
    "@odopod/odo-device" "^1.0.3"

"@odopod/odo-responsive-images@^1.0.3":
  version "1.0.3"
  resolved "https://registry.yarnpkg.com/@odopod/odo-responsive-images/-/odo-responsive-images-1.0.3.tgz#aae0b96fbc522178631676669bc07da63f3497ff"
  dependencies:
    "@odopod/odo-viewport" "^1.0.3"
    debounce "^1.0.0"
    picturefill "^3.0.2"

"@odopod/odo-viewport@^1.0.3":
  version "1.0.3"
  resolved "https://registry.yarnpkg.com/@odopod/odo-viewport/-/odo-viewport-1.0.3.tgz#8e21d916b765ab861d9678017f945e23885827a1"
  dependencies:
    "@odopod/odo-window-events" "^1.0.3"

"@odopod/odo-window-events@^1.0.3":
  version "1.0.3"
  resolved "https://registry.yarnpkg.com/@odopod/odo-window-events/-/odo-window-events-1.0.3.tgz#a0237cbcc88b8e0acdffda3282e4bdf53e9ba06c"
  dependencies:
    debounce "^1.0.0"
    throttleit "^1.0.0"

debounce@^1.0.0:
  version "1.1.0"
  resolved "https://registry.yarnpkg.com/debounce/-/debounce-1.1.0.tgz#6a1a4ee2a9dc4b7c24bb012558dbcdb05b37f408"

picturefill@^3.0.2:
  version "3.0.2"
  resolved "https://registry.yarnpkg.com/picturefill/-/picturefill-3.0.2.tgz#fa3d35fffbef5ab5300fe2ad9dca8f2e36cba27b"

throttleit@^1.0.0:
  version "1.0.0"
  resolved "https://registry.yarnpkg.com/throttleit/-/throttleit-1.0.0.tgz#9e785836daf46743145a5984b6268d828528ac6c"
