# THIS IS AN AUTOGENERATED FILE. DO NOT EDIT THIS FILE DIRECTLY.
# yarn lockfile v1


"@odopod/odo-device@../odo-device":
  version "1.0.0"

"@odopod/odo-draggable@../odo-draggable":
  version "1.0.0"
  dependencies:
    "@odopod/odo-device" "../odo-device"
    "@odopod/odo-helpers" "../odo-helpers"
    "@odopod/odo-pointer" "../odo-pointer"
    tiny-emitter "^2.0.1"

"@odopod/odo-helpers@../odo-helpers":
  version "1.0.0"
  dependencies:
    "@odopod/odo-device" "../odo-device"

"@odopod/odo-object-fit@../odo-object-fit":
  version "1.0.0"

"@odopod/odo-pointer@../odo-pointer":
  version "1.0.0"
  dependencies:
    "@odopod/odo-device" "../odo-device"
    "@odopod/odo-helpers" "../odo-helpers"
    tiny-emitter "^2.0.1"

"@odopod/odo-window-events@../odo-window-events":
  version "1.0.0"
  dependencies:
    debounce "^1.0.0"
    throttleit "^1.0.0"

debounce@^1.0.0:
  version "1.0.2"
  resolved "https://registry.yarnpkg.com/debounce/-/debounce-1.0.2.tgz#503cc674d8d7f737099664fb75ddbd36b9626dc6"

picturefill@^3.0.2:
  version "3.0.2"
  resolved "https://registry.yarnpkg.com/picturefill/-/picturefill-3.0.2.tgz#fa3d35fffbef5ab5300fe2ad9dca8f2e36cba27b"

throttleit@^1.0.0:
  version "1.0.0"
  resolved "https://registry.yarnpkg.com/throttleit/-/throttleit-1.0.0.tgz#9e785836daf46743145a5984b6268d828528ac6c"

tiny-emitter@^2.0.1:
  version "2.0.1"
  resolved "https://registry.yarnpkg.com/tiny-emitter/-/tiny-emitter-2.0.1.tgz#e65919d91e488e2a78f7ebe827a56c6b188d51af"
